// !$*UTF8*$!
{
	archiveVersion = 1;
	classes = {
	};
	objectVersion = 50;
	objects = {

/* Begin PBXBuildFile section */
		0270CC51233E9F7C003B6741 /* DateFormatter.swift in Sources */ = {isa = PBXBuildFile; fileRef = 0270CC50233E9F7C003B6741 /* DateFormatter.swift */; };
		0270CC53233EA2CD003B6741 /* Date.swift in Sources */ = {isa = PBXBuildFile; fileRef = 0270CC52233EA2CD003B6741 /* Date.swift */; };
		0270CC55233EA37C003B6741 /* TimeSeparatorCollectionViewCell.swift in Sources */ = {isa = PBXBuildFile; fileRef = 0270CC54233EA37C003B6741 /* TimeSeparatorCollectionViewCell.swift */; };
		0270CC59233EA3D8003B6741 /* TimeSeparatorPresenter.swift in Sources */ = {isa = PBXBuildFile; fileRef = 0270CC58233EA3D8003B6741 /* TimeSeparatorPresenter.swift */; };
		0270CC5B233EA3FF003B6741 /* TimeSeparatorModel.swift in Sources */ = {isa = PBXBuildFile; fileRef = 0270CC5A233EA3FF003B6741 /* TimeSeparatorModel.swift */; };
		0270CC60233EA5BE003B6741 /* SendingStatusPresenter.swift in Sources */ = {isa = PBXBuildFile; fileRef = 0270CC5D233EA5BE003B6741 /* SendingStatusPresenter.swift */; };
		0270CC61233EA5BE003B6741 /* SendingStatusCollectionViewCell.swift in Sources */ = {isa = PBXBuildFile; fileRef = 0270CC5E233EA5BE003B6741 /* SendingStatusCollectionViewCell.swift */; };
		0270CC62233EA5BE003B6741 /* SendingStatusCollectionViewCell.xib in Resources */ = {isa = PBXBuildFile; fileRef = 0270CC5F233EA5BE003B6741 /* SendingStatusCollectionViewCell.xib */; };
		0270CC64233EA609003B6741 /* SendingStatusModel.swift in Sources */ = {isa = PBXBuildFile; fileRef = 0270CC63233EA609003B6741 /* SendingStatusModel.swift */; };
		0270CC66233EB6D8003B6741 /* MessagePresenter.swift in Sources */ = {isa = PBXBuildFile; fileRef = 0270CC65233EB6D8003B6741 /* MessagePresenter.swift */; };
		0270CC69233EB706003B6741 /* MessageModel.swift in Sources */ = {isa = PBXBuildFile; fileRef = 0270CC68233EB706003B6741 /* MessageModel.swift */; };
		0270CC6B233EB7D9003B6741 /* TextMessageModel.swift in Sources */ = {isa = PBXBuildFile; fileRef = 0270CC6A233EB7D9003B6741 /* TextMessageModel.swift */; };
		0270CC6D233EB7ED003B6741 /* TextMessageViewModel.swift in Sources */ = {isa = PBXBuildFile; fileRef = 0270CC6C233EB7ED003B6741 /* TextMessageViewModel.swift */; };
		0270CC6F233EB82E003B6741 /* TextMessageInteractionHandler.swift in Sources */ = {isa = PBXBuildFile; fileRef = 0270CC6E233EB82E003B6741 /* TextMessageInteractionHandler.swift */; };
		0270CC71233EB83F003B6741 /* BaseMessageCollectionViewCellAvatarStyle.swift in Sources */ = {isa = PBXBuildFile; fileRef = 0270CC70233EB83F003B6741 /* BaseMessageCollectionViewCellAvatarStyle.swift */; };
		0270CC74233EB89F003B6741 /* TextMessageViewModelBuilder.swift in Sources */ = {isa = PBXBuildFile; fileRef = 0270CC73233EB89F003B6741 /* TextMessageViewModelBuilder.swift */; };
		0270CC76233EBACF003B6741 /* MessageViewModel.swift in Sources */ = {isa = PBXBuildFile; fileRef = 0270CC75233EBACF003B6741 /* MessageViewModel.swift */; };
		0270CC78233EBB1A003B6741 /* ChatItemsDecorator.swift in Sources */ = {isa = PBXBuildFile; fileRef = 0270CC77233EBB1A003B6741 /* ChatItemsDecorator.swift */; };
		0270CC7A233EBB3A003B6741 /* ChatDataSource.swift in Sources */ = {isa = PBXBuildFile; fileRef = 0270CC79233EBB3A003B6741 /* ChatDataSource.swift */; };
		0270CC7C233EC4AC003B6741 /* ChatInputView.swift in Sources */ = {isa = PBXBuildFile; fileRef = 0270CC7B233EC4AC003B6741 /* ChatInputView.swift */; };
		0298DDA1233E3340008D2D27 /* AppDelegate.swift in Sources */ = {isa = PBXBuildFile; fileRef = 0298DDA0233E3340008D2D27 /* AppDelegate.swift */; };
		0298DDAA233E3341008D2D27 /* Assets.xcassets in Resources */ = {isa = PBXBuildFile; fileRef = 0298DDA9233E3341008D2D27 /* Assets.xcassets */; };
		0298DDAD233E3341008D2D27 /* LaunchScreen.storyboard in Resources */ = {isa = PBXBuildFile; fileRef = 0298DDAB233E3341008D2D27 /* LaunchScreen.storyboard */; };
		0298DDC3233E37D9008D2D27 /* XCTestCase.swift in Sources */ = {isa = PBXBuildFile; fileRef = 0298DDC2233E37D9008D2D27 /* XCTestCase.swift */; };
		0298DDC9233E3884008D2D27 /* UIViewController.swift in Sources */ = {isa = PBXBuildFile; fileRef = 0298DDC8233E3884008D2D27 /* UIViewController.swift */; };
		0365F60B265464BAC1A7169D /* ChatModuleOutput.swift in Sources */ = {isa = PBXBuildFile; fileRef = D16D84D4AC7D6CA1D55E6A0B /* ChatModuleOutput.swift */; };
		28B964282AE00C3FA4CEC755 /* ChatViewController.swift in Sources */ = {isa = PBXBuildFile; fileRef = 17A275BA8FA212991D4D94BD /* ChatViewController.swift */; };
		78A544422B47C7938951F812 /* ChatModuleConfiguratorTests.swift in Sources */ = {isa = PBXBuildFile; fileRef = B567C4758CC5259675DB251D /* ChatModuleConfiguratorTests.swift */; };
		C05FFDF4ED3D3D71B880C70C /* ChatModuleConfigurator.swift in Sources */ = {isa = PBXBuildFile; fileRef = C3480F693F69D9C6C16F04DC /* ChatModuleConfigurator.swift */; };
		CC4F69687C963F58D98D45CC /* Pods_SunCity.framework in Frameworks */ = {isa = PBXBuildFile; fileRef = 5240B12F5C57343FF096AB89 /* Pods_SunCity.framework */; };
		FACEFD8C86AA0C0CF700D179 /* Pods_SunCityTests.framework in Frameworks */ = {isa = PBXBuildFile; fileRef = 0A7127838F78AE645DA65C05 /* Pods_SunCityTests.framework */; };
/* End PBXBuildFile section */

/* Begin PBXContainerItemProxy section */
		0298DDB4233E3341008D2D27 /* PBXContainerItemProxy */ = {
			isa = PBXContainerItemProxy;
			containerPortal = 0298DD95233E3340008D2D27 /* Project object */;
			proxyType = 1;
			remoteGlobalIDString = 0298DD9C233E3340008D2D27;
			remoteInfo = SunCity;
		};
/* End PBXContainerItemProxy section */

/* Begin PBXFileReference section */
		0270CC50233E9F7C003B6741 /* DateFormatter.swift */ = {isa = PBXFileReference; lastKnownFileType = sourcecode.swift; path = DateFormatter.swift; sourceTree = "<group>"; };
		0270CC52233EA2CD003B6741 /* Date.swift */ = {isa = PBXFileReference; lastKnownFileType = sourcecode.swift; path = Date.swift; sourceTree = "<group>"; };
		0270CC54233EA37C003B6741 /* TimeSeparatorCollectionViewCell.swift */ = {isa = PBXFileReference; lastKnownFileType = sourcecode.swift; path = TimeSeparatorCollectionViewCell.swift; sourceTree = "<group>"; };
		0270CC58233EA3D8003B6741 /* TimeSeparatorPresenter.swift */ = {isa = PBXFileReference; lastKnownFileType = sourcecode.swift; path = TimeSeparatorPresenter.swift; sourceTree = "<group>"; };
		0270CC5A233EA3FF003B6741 /* TimeSeparatorModel.swift */ = {isa = PBXFileReference; lastKnownFileType = sourcecode.swift; path = TimeSeparatorModel.swift; sourceTree = "<group>"; };
		0270CC5D233EA5BE003B6741 /* SendingStatusPresenter.swift */ = {isa = PBXFileReference; fileEncoding = 4; lastKnownFileType = sourcecode.swift; path = SendingStatusPresenter.swift; sourceTree = "<group>"; };
		0270CC5E233EA5BE003B6741 /* SendingStatusCollectionViewCell.swift */ = {isa = PBXFileReference; fileEncoding = 4; lastKnownFileType = sourcecode.swift; path = SendingStatusCollectionViewCell.swift; sourceTree = "<group>"; };
		0270CC5F233EA5BE003B6741 /* SendingStatusCollectionViewCell.xib */ = {isa = PBXFileReference; fileEncoding = 4; lastKnownFileType = file.xib; path = SendingStatusCollectionViewCell.xib; sourceTree = "<group>"; };
		0270CC63233EA609003B6741 /* SendingStatusModel.swift */ = {isa = PBXFileReference; lastKnownFileType = sourcecode.swift; path = SendingStatusModel.swift; sourceTree = "<group>"; };
		0270CC65233EB6D8003B6741 /* MessagePresenter.swift */ = {isa = PBXFileReference; lastKnownFileType = sourcecode.swift; path = MessagePresenter.swift; sourceTree = "<group>"; };
		0270CC68233EB706003B6741 /* MessageModel.swift */ = {isa = PBXFileReference; lastKnownFileType = sourcecode.swift; path = MessageModel.swift; sourceTree = "<group>"; };
		0270CC6A233EB7D9003B6741 /* TextMessageModel.swift */ = {isa = PBXFileReference; lastKnownFileType = sourcecode.swift; path = TextMessageModel.swift; sourceTree = "<group>"; };
		0270CC6C233EB7ED003B6741 /* TextMessageViewModel.swift */ = {isa = PBXFileReference; lastKnownFileType = sourcecode.swift; path = TextMessageViewModel.swift; sourceTree = "<group>"; };
		0270CC6E233EB82E003B6741 /* TextMessageInteractionHandler.swift */ = {isa = PBXFileReference; lastKnownFileType = sourcecode.swift; path = TextMessageInteractionHandler.swift; sourceTree = "<group>"; };
		0270CC70233EB83F003B6741 /* BaseMessageCollectionViewCellAvatarStyle.swift */ = {isa = PBXFileReference; lastKnownFileType = sourcecode.swift; path = BaseMessageCollectionViewCellAvatarStyle.swift; sourceTree = "<group>"; };
		0270CC73233EB89F003B6741 /* TextMessageViewModelBuilder.swift */ = {isa = PBXFileReference; lastKnownFileType = sourcecode.swift; path = TextMessageViewModelBuilder.swift; sourceTree = "<group>"; };
		0270CC75233EBACF003B6741 /* MessageViewModel.swift */ = {isa = PBXFileReference; lastKnownFileType = sourcecode.swift; path = MessageViewModel.swift; sourceTree = "<group>"; };
		0270CC77233EBB1A003B6741 /* ChatItemsDecorator.swift */ = {isa = PBXFileReference; lastKnownFileType = sourcecode.swift; path = ChatItemsDecorator.swift; sourceTree = "<group>"; };
		0270CC79233EBB3A003B6741 /* ChatDataSource.swift */ = {isa = PBXFileReference; lastKnownFileType = sourcecode.swift; path = ChatDataSource.swift; sourceTree = "<group>"; };
		0270CC7B233EC4AC003B6741 /* ChatInputView.swift */ = {isa = PBXFileReference; lastKnownFileType = sourcecode.swift; path = ChatInputView.swift; sourceTree = "<group>"; };
		0298DD9D233E3340008D2D27 /* SunCity.app */ = {isa = PBXFileReference; explicitFileType = wrapper.application; includeInIndex = 0; path = SunCity.app; sourceTree = BUILT_PRODUCTS_DIR; };
		0298DDA0233E3340008D2D27 /* AppDelegate.swift */ = {isa = PBXFileReference; lastKnownFileType = sourcecode.swift; path = AppDelegate.swift; sourceTree = "<group>"; };
		0298DDA9233E3341008D2D27 /* Assets.xcassets */ = {isa = PBXFileReference; lastKnownFileType = folder.assetcatalog; path = Assets.xcassets; sourceTree = "<group>"; };
		0298DDAC233E3341008D2D27 /* Base */ = {isa = PBXFileReference; lastKnownFileType = file.storyboard; name = Base; path = Base.lproj/LaunchScreen.storyboard; sourceTree = "<group>"; };
		0298DDAE233E3341008D2D27 /* Info.plist */ = {isa = PBXFileReference; lastKnownFileType = text.plist.xml; path = Info.plist; sourceTree = "<group>"; };
		0298DDB3233E3341008D2D27 /* SunCityTests.xctest */ = {isa = PBXFileReference; explicitFileType = wrapper.cfbundle; includeInIndex = 0; path = SunCityTests.xctest; sourceTree = BUILT_PRODUCTS_DIR; };
		0298DDB9233E3341008D2D27 /* Info.plist */ = {isa = PBXFileReference; lastKnownFileType = text.plist.xml; path = Info.plist; sourceTree = "<group>"; };
		0298DDC2233E37D9008D2D27 /* XCTestCase.swift */ = {isa = PBXFileReference; lastKnownFileType = sourcecode.swift; path = XCTestCase.swift; sourceTree = "<group>"; };
		0298DDC8233E3884008D2D27 /* UIViewController.swift */ = {isa = PBXFileReference; lastKnownFileType = sourcecode.swift; path = UIViewController.swift; sourceTree = "<group>"; };
		0A7127838F78AE645DA65C05 /* Pods_SunCityTests.framework */ = {isa = PBXFileReference; explicitFileType = wrapper.framework; includeInIndex = 0; path = Pods_SunCityTests.framework; sourceTree = BUILT_PRODUCTS_DIR; };
		17A275BA8FA212991D4D94BD /* ChatViewController.swift */ = {isa = PBXFileReference; includeInIndex = 1; lastKnownFileType = sourcecode.swift; path = ChatViewController.swift; sourceTree = "<group>"; };
		1A77275BF6EEF4090D0B5AF9 /* Pods-SunCityTests.debug.xcconfig */ = {isa = PBXFileReference; includeInIndex = 1; lastKnownFileType = text.xcconfig; name = "Pods-SunCityTests.debug.xcconfig"; path = "Target Support Files/Pods-SunCityTests/Pods-SunCityTests.debug.xcconfig"; sourceTree = "<group>"; };
		30819672FFF66D37899EE0F2 /* Pods-SunCityTests.release.xcconfig */ = {isa = PBXFileReference; includeInIndex = 1; lastKnownFileType = text.xcconfig; name = "Pods-SunCityTests.release.xcconfig"; path = "Target Support Files/Pods-SunCityTests/Pods-SunCityTests.release.xcconfig"; sourceTree = "<group>"; };
		5240B12F5C57343FF096AB89 /* Pods_SunCity.framework */ = {isa = PBXFileReference; explicitFileType = wrapper.framework; includeInIndex = 0; path = Pods_SunCity.framework; sourceTree = BUILT_PRODUCTS_DIR; };
		7656003AF7C82CB3A943D463 /* Pods-SunCity.release.xcconfig */ = {isa = PBXFileReference; includeInIndex = 1; lastKnownFileType = text.xcconfig; name = "Pods-SunCity.release.xcconfig"; path = "Target Support Files/Pods-SunCity/Pods-SunCity.release.xcconfig"; sourceTree = "<group>"; };
		8507EC426224F023CAFB27CD /* Pods-SunCity.debug.xcconfig */ = {isa = PBXFileReference; includeInIndex = 1; lastKnownFileType = text.xcconfig; name = "Pods-SunCity.debug.xcconfig"; path = "Target Support Files/Pods-SunCity/Pods-SunCity.debug.xcconfig"; sourceTree = "<group>"; };
		B567C4758CC5259675DB251D /* ChatModuleConfiguratorTests.swift */ = {isa = PBXFileReference; includeInIndex = 1; lastKnownFileType = sourcecode.swift; path = ChatModuleConfiguratorTests.swift; sourceTree = "<group>"; };
		C3480F693F69D9C6C16F04DC /* ChatModuleConfigurator.swift */ = {isa = PBXFileReference; includeInIndex = 1; lastKnownFileType = sourcecode.swift; path = ChatModuleConfigurator.swift; sourceTree = "<group>"; };
		D16D84D4AC7D6CA1D55E6A0B /* ChatModuleOutput.swift */ = {isa = PBXFileReference; includeInIndex = 1; lastKnownFileType = sourcecode.swift; path = ChatModuleOutput.swift; sourceTree = "<group>"; };
/* End PBXFileReference section */

/* Begin PBXFrameworksBuildPhase section */
		0298DD9A233E3340008D2D27 /* Frameworks */ = {
			isa = PBXFrameworksBuildPhase;
			buildActionMask = 2147483647;
			files = (
				CC4F69687C963F58D98D45CC /* Pods_SunCity.framework in Frameworks */,
			);
			runOnlyForDeploymentPostprocessing = 0;
		};
		0298DDB0233E3341008D2D27 /* Frameworks */ = {
			isa = PBXFrameworksBuildPhase;
			buildActionMask = 2147483647;
			files = (
				FACEFD8C86AA0C0CF700D179 /* Pods_SunCityTests.framework in Frameworks */,
			);
			runOnlyForDeploymentPostprocessing = 0;
		};
/* End PBXFrameworksBuildPhase section */

/* Begin PBXGroup section */
		0270CC57233EA382003B6741 /* TimeSeparator */ = {
			isa = PBXGroup;
			children = (
				0270CC54233EA37C003B6741 /* TimeSeparatorCollectionViewCell.swift */,
				0270CC58233EA3D8003B6741 /* TimeSeparatorPresenter.swift */,
				0270CC5A233EA3FF003B6741 /* TimeSeparatorModel.swift */,
			);
			path = TimeSeparator;
			sourceTree = "<group>";
		};
		0270CC5C233EA5BE003B6741 /* Sending status */ = {
			isa = PBXGroup;
			children = (
				0270CC5D233EA5BE003B6741 /* SendingStatusPresenter.swift */,
				0270CC5E233EA5BE003B6741 /* SendingStatusCollectionViewCell.swift */,
				0270CC5F233EA5BE003B6741 /* SendingStatusCollectionViewCell.xib */,
				0270CC63233EA609003B6741 /* SendingStatusModel.swift */,
			);
			path = "Sending status";
			sourceTree = "<group>";
		};
		0270CC67233EB6F5003B6741 /* Message */ = {
			isa = PBXGroup;
			children = (
				0270CC72233EB848003B6741 /* Style */,
				0270CC65233EB6D8003B6741 /* MessagePresenter.swift */,
				0270CC68233EB706003B6741 /* MessageModel.swift */,
				0270CC75233EBACF003B6741 /* MessageViewModel.swift */,
				0270CC6E233EB82E003B6741 /* TextMessageInteractionHandler.swift */,
				0270CC73233EB89F003B6741 /* TextMessageViewModelBuilder.swift */,
				0270CC6A233EB7D9003B6741 /* TextMessageModel.swift */,
				0270CC6C233EB7ED003B6741 /* TextMessageViewModel.swift */,
			);
			path = Message;
			sourceTree = "<group>";
		};
		0270CC72233EB848003B6741 /* Style */ = {
			isa = PBXGroup;
			children = (
				0270CC70233EB83F003B6741 /* BaseMessageCollectionViewCellAvatarStyle.swift */,
			);
			path = Style;
			sourceTree = "<group>";
		};
		0270CC7D233ED8D3003B6741 /* Components */ = {
			isa = PBXGroup;
			children = (
				0270CC5C233EA5BE003B6741 /* Sending status */,
				0270CC57233EA382003B6741 /* TimeSeparator */,
				0270CC67233EB6F5003B6741 /* Message */,
				0270CC7B233EC4AC003B6741 /* ChatInputView.swift */,
			);
			path = Components;
			sourceTree = "<group>";
		};
		0298DD94233E3340008D2D27 = {
			isa = PBXGroup;
			children = (
				0298DD9F233E3340008D2D27 /* SunCity */,
				0298DDB6233E3341008D2D27 /* SunCityTests */,
				0298DD9E233E3340008D2D27 /* Products */,
				A62A8B63BC0BCD1515743573 /* Pods */,
				9061FF98CFC0B2BA254EF2D0 /* Frameworks */,
			);
			sourceTree = "<group>";
		};
		0298DD9E233E3340008D2D27 /* Products */ = {
			isa = PBXGroup;
			children = (
				0298DD9D233E3340008D2D27 /* SunCity.app */,
				0298DDB3233E3341008D2D27 /* SunCityTests.xctest */,
			);
			name = Products;
			sourceTree = "<group>";
		};
		0298DD9F233E3340008D2D27 /* SunCity */ = {
			isa = PBXGroup;
			children = (
				0298DDC7233E384D008D2D27 /* Application */,
				0298DDC4233E382B008D2D27 /* Extensions */,
				0298DDC6233E382B008D2D27 /* Resources */,
				5DF62612672F093597C8272B /* User Stories */,
				0298DDC5233E382B008D2D27 /* Services */,
			);
			path = SunCity;
			sourceTree = "<group>";
		};
		0298DDB6233E3341008D2D27 /* SunCityTests */ = {
			isa = PBXGroup;
			children = (
				0298DDB9233E3341008D2D27 /* Info.plist */,
				0298DDC2233E37D9008D2D27 /* XCTestCase.swift */,
				7655824167A6DE2F4F79B1AB /* User Stories */,
			);
			path = SunCityTests;
			sourceTree = "<group>";
		};
		0298DDC4233E382B008D2D27 /* Extensions */ = {
			isa = PBXGroup;
			children = (
				0298DDC8233E3884008D2D27 /* UIViewController.swift */,
				0270CC50233E9F7C003B6741 /* DateFormatter.swift */,
				0270CC52233EA2CD003B6741 /* Date.swift */,
			);
			path = Extensions;
			sourceTree = "<group>";
		};
		0298DDC5233E382B008D2D27 /* Services */ = {
			isa = PBXGroup;
			children = (
			);
			path = Services;
			sourceTree = "<group>";
		};
		0298DDC6233E382B008D2D27 /* Resources */ = {
			isa = PBXGroup;
			children = (
				0298DDA9233E3341008D2D27 /* Assets.xcassets */,
			);
			path = Resources;
			sourceTree = "<group>";
		};
		0298DDC7233E384D008D2D27 /* Application */ = {
			isa = PBXGroup;
			children = (
				0298DDAE233E3341008D2D27 /* Info.plist */,
				0298DDAB233E3341008D2D27 /* LaunchScreen.storyboard */,
				0298DDA0233E3340008D2D27 /* AppDelegate.swift */,
			);
			path = Application;
			sourceTree = "<group>";
		};
		5DF62612672F093597C8272B /* User Stories */ = {
			isa = PBXGroup;
			children = (
				D3E1C2BE54F759E4BDB0395E /* Chat */,
			);
			path = "User Stories";
			sourceTree = "<group>";
		};
		7655824167A6DE2F4F79B1AB /* User Stories */ = {
			isa = PBXGroup;
			children = (
				FFFFFD3BDCA3DB185F6B2090 /* Chat */,
			);
			path = "User Stories";
			sourceTree = "<group>";
		};
		77B0168A1596559F01736638 /* View */ = {
			isa = PBXGroup;
			children = (
				0270CC7D233ED8D3003B6741 /* Components */,
				17A275BA8FA212991D4D94BD /* ChatViewController.swift */,
				0270CC79233EBB3A003B6741 /* ChatDataSource.swift */,
				0270CC77233EBB1A003B6741 /* ChatItemsDecorator.swift */,
			);
			path = View;
			sourceTree = "<group>";
		};
		9061FF98CFC0B2BA254EF2D0 /* Frameworks */ = {
			isa = PBXGroup;
			children = (
				5240B12F5C57343FF096AB89 /* Pods_SunCity.framework */,
				0A7127838F78AE645DA65C05 /* Pods_SunCityTests.framework */,
			);
			name = Frameworks;
			sourceTree = "<group>";
		};
		A62A8B63BC0BCD1515743573 /* Pods */ = {
			isa = PBXGroup;
			children = (
				8507EC426224F023CAFB27CD /* Pods-SunCity.debug.xcconfig */,
				7656003AF7C82CB3A943D463 /* Pods-SunCity.release.xcconfig */,
				1A77275BF6EEF4090D0B5AF9 /* Pods-SunCityTests.debug.xcconfig */,
				30819672FFF66D37899EE0F2 /* Pods-SunCityTests.release.xcconfig */,
			);
			path = Pods;
			sourceTree = "<group>";
		};
		C57AB66BA0B256EDFE39EF85 /* Module */ = {
			isa = PBXGroup;
			children = (
				D16D84D4AC7D6CA1D55E6A0B /* ChatModuleOutput.swift */,
				C3480F693F69D9C6C16F04DC /* ChatModuleConfigurator.swift */,
			);
			path = Module;
			sourceTree = "<group>";
		};
		D3E1C2BE54F759E4BDB0395E /* Chat */ = {
			isa = PBXGroup;
			children = (
				C57AB66BA0B256EDFE39EF85 /* Module */,
				77B0168A1596559F01736638 /* View */,
			);
			path = Chat;
			sourceTree = "<group>";
		};
		FFFFFD3BDCA3DB185F6B2090 /* Chat */ = {
			isa = PBXGroup;
			children = (
				B567C4758CC5259675DB251D /* ChatModuleConfiguratorTests.swift */,
			);
			path = Chat;
			sourceTree = "<group>";
		};
/* End PBXGroup section */

/* Begin PBXNativeTarget section */
		0298DD9C233E3340008D2D27 /* SunCity */ = {
			isa = PBXNativeTarget;
			buildConfigurationList = 0298DDBC233E3341008D2D27 /* Build configuration list for PBXNativeTarget "SunCity" */;
			buildPhases = (
				155C84D0C74EAFE243FA18FF /* [CP] Check Pods Manifest.lock */,
				0298DD99233E3340008D2D27 /* Sources */,
				0298DD9A233E3340008D2D27 /* Frameworks */,
				0298DD9B233E3340008D2D27 /* Resources */,
				DE7BCAD706CC16FA2C567553 /* [CP] Embed Pods Frameworks */,
			);
			buildRules = (
			);
			dependencies = (
			);
			name = SunCity;
			productName = SunCity;
			productReference = 0298DD9D233E3340008D2D27 /* SunCity.app */;
			productType = "com.apple.product-type.application";
		};
		0298DDB2233E3341008D2D27 /* SunCityTests */ = {
			isa = PBXNativeTarget;
			buildConfigurationList = 0298DDBF233E3341008D2D27 /* Build configuration list for PBXNativeTarget "SunCityTests" */;
			buildPhases = (
				211040114FC99D48B3880C30 /* [CP] Check Pods Manifest.lock */,
				0298DDAF233E3341008D2D27 /* Sources */,
				0298DDB0233E3341008D2D27 /* Frameworks */,
				0298DDB1233E3341008D2D27 /* Resources */,
			);
			buildRules = (
			);
			dependencies = (
				0298DDB5233E3341008D2D27 /* PBXTargetDependency */,
			);
			name = SunCityTests;
			productName = SunCityTests;
			productReference = 0298DDB3233E3341008D2D27 /* SunCityTests.xctest */;
			productType = "com.apple.product-type.bundle.unit-test";
		};
/* End PBXNativeTarget section */

/* Begin PBXProject section */
		0298DD95233E3340008D2D27 /* Project object */ = {
			isa = PBXProject;
			attributes = {
				LastSwiftUpdateCheck = 1100;
				LastUpgradeCheck = 1100;
				ORGANIZATIONNAME = i.smetanin;
				TargetAttributes = {
					0298DD9C233E3340008D2D27 = {
						CreatedOnToolsVersion = 11.0;
					};
					0298DDB2233E3341008D2D27 = {
						CreatedOnToolsVersion = 11.0;
						TestTargetID = 0298DD9C233E3340008D2D27;
					};
				};
			};
			buildConfigurationList = 0298DD98233E3340008D2D27 /* Build configuration list for PBXProject "SunCity" */;
			compatibilityVersion = "Xcode 9.3";
			developmentRegion = en;
			hasScannedForEncodings = 0;
			knownRegions = (
				en,
				Base,
			);
			mainGroup = 0298DD94233E3340008D2D27;
			productRefGroup = 0298DD9E233E3340008D2D27 /* Products */;
			projectDirPath = "";
			projectRoot = "";
			targets = (
				0298DD9C233E3340008D2D27 /* SunCity */,
				0298DDB2233E3341008D2D27 /* SunCityTests */,
			);
		};
/* End PBXProject section */

/* Begin PBXResourcesBuildPhase section */
		0298DD9B233E3340008D2D27 /* Resources */ = {
			isa = PBXResourcesBuildPhase;
			buildActionMask = 2147483647;
			files = (
				0270CC62233EA5BE003B6741 /* SendingStatusCollectionViewCell.xib in Resources */,
				0298DDAD233E3341008D2D27 /* LaunchScreen.storyboard in Resources */,
				0298DDAA233E3341008D2D27 /* Assets.xcassets in Resources */,
			);
			runOnlyForDeploymentPostprocessing = 0;
		};
		0298DDB1233E3341008D2D27 /* Resources */ = {
			isa = PBXResourcesBuildPhase;
			buildActionMask = 2147483647;
			files = (
			);
			runOnlyForDeploymentPostprocessing = 0;
		};
/* End PBXResourcesBuildPhase section */

/* Begin PBXShellScriptBuildPhase section */
		155C84D0C74EAFE243FA18FF /* [CP] Check Pods Manifest.lock */ = {
			isa = PBXShellScriptBuildPhase;
			buildActionMask = 2147483647;
			files = (
			);
			inputFileListPaths = (
			);
			inputPaths = (
				"${PODS_PODFILE_DIR_PATH}/Podfile.lock",
				"${PODS_ROOT}/Manifest.lock",
			);
			name = "[CP] Check Pods Manifest.lock";
			outputFileListPaths = (
			);
			outputPaths = (
				"$(DERIVED_FILE_DIR)/Pods-SunCity-checkManifestLockResult.txt",
			);
			runOnlyForDeploymentPostprocessing = 0;
			shellPath = /bin/sh;
			shellScript = "diff \"${PODS_PODFILE_DIR_PATH}/Podfile.lock\" \"${PODS_ROOT}/Manifest.lock\" > /dev/null\nif [ $? != 0 ] ; then\n    # print error to STDERR\n    echo \"error: The sandbox is not in sync with the Podfile.lock. Run 'pod install' or update your CocoaPods installation.\" >&2\n    exit 1\nfi\n# This output is used by Xcode 'outputs' to avoid re-running this script phase.\necho \"SUCCESS\" > \"${SCRIPT_OUTPUT_FILE_0}\"\n";
			showEnvVarsInLog = 0;
		};
		211040114FC99D48B3880C30 /* [CP] Check Pods Manifest.lock */ = {
			isa = PBXShellScriptBuildPhase;
			buildActionMask = 2147483647;
			files = (
			);
			inputFileListPaths = (
			);
			inputPaths = (
				"${PODS_PODFILE_DIR_PATH}/Podfile.lock",
				"${PODS_ROOT}/Manifest.lock",
			);
			name = "[CP] Check Pods Manifest.lock";
			outputFileListPaths = (
			);
			outputPaths = (
				"$(DERIVED_FILE_DIR)/Pods-SunCityTests-checkManifestLockResult.txt",
			);
			runOnlyForDeploymentPostprocessing = 0;
			shellPath = /bin/sh;
			shellScript = "diff \"${PODS_PODFILE_DIR_PATH}/Podfile.lock\" \"${PODS_ROOT}/Manifest.lock\" > /dev/null\nif [ $? != 0 ] ; then\n    # print error to STDERR\n    echo \"error: The sandbox is not in sync with the Podfile.lock. Run 'pod install' or update your CocoaPods installation.\" >&2\n    exit 1\nfi\n# This output is used by Xcode 'outputs' to avoid re-running this script phase.\necho \"SUCCESS\" > \"${SCRIPT_OUTPUT_FILE_0}\"\n";
			showEnvVarsInLog = 0;
		};
		DE7BCAD706CC16FA2C567553 /* [CP] Embed Pods Frameworks */ = {
			isa = PBXShellScriptBuildPhase;
			buildActionMask = 2147483647;
			files = (
			);
			inputFileListPaths = (
			);
			inputPaths = (
				"${PODS_ROOT}/Target Support Files/Pods-SunCity/Pods-SunCity-frameworks.sh",
				"${BUILT_PRODUCTS_DIR}/Chatto/Chatto.framework",
				"${BUILT_PRODUCTS_DIR}/ChattoAdditions/ChattoAdditions.framework",
			);
			name = "[CP] Embed Pods Frameworks";
			outputFileListPaths = (
			);
			outputPaths = (
				"${TARGET_BUILD_DIR}/${FRAMEWORKS_FOLDER_PATH}/Chatto.framework",
				"${TARGET_BUILD_DIR}/${FRAMEWORKS_FOLDER_PATH}/ChattoAdditions.framework",
			);
			runOnlyForDeploymentPostprocessing = 0;
			shellPath = /bin/sh;
			shellScript = "\"${PODS_ROOT}/Target Support Files/Pods-SunCity/Pods-SunCity-frameworks.sh\"\n";
			showEnvVarsInLog = 0;
		};
/* End PBXShellScriptBuildPhase section */

/* Begin PBXSourcesBuildPhase section */
		0298DD99233E3340008D2D27 /* Sources */ = {
			isa = PBXSourcesBuildPhase;
			buildActionMask = 2147483647;
			files = (
				0270CC51233E9F7C003B6741 /* DateFormatter.swift in Sources */,
				0270CC7C233EC4AC003B6741 /* ChatInputView.swift in Sources */,
				0270CC6D233EB7ED003B6741 /* TextMessageViewModel.swift in Sources */,
				0298DDA1233E3340008D2D27 /* AppDelegate.swift in Sources */,
				0270CC53233EA2CD003B6741 /* Date.swift in Sources */,
				0270CC76233EBACF003B6741 /* MessageViewModel.swift in Sources */,
				0270CC74233EB89F003B6741 /* TextMessageViewModelBuilder.swift in Sources */,
				0298DDC9233E3884008D2D27 /* UIViewController.swift in Sources */,
				0270CC5B233EA3FF003B6741 /* TimeSeparatorModel.swift in Sources */,
				0270CC78233EBB1A003B6741 /* ChatItemsDecorator.swift in Sources */,
				0365F60B265464BAC1A7169D /* ChatModuleOutput.swift in Sources */,
				0270CC59233EA3D8003B6741 /* TimeSeparatorPresenter.swift in Sources */,
				C05FFDF4ED3D3D71B880C70C /* ChatModuleConfigurator.swift in Sources */,
				28B964282AE00C3FA4CEC755 /* ChatViewController.swift in Sources */,
				0270CC55233EA37C003B6741 /* TimeSeparatorCollectionViewCell.swift in Sources */,
				0270CC69233EB706003B6741 /* MessageModel.swift in Sources */,
				0270CC66233EB6D8003B6741 /* MessagePresenter.swift in Sources */,
				0270CC6B233EB7D9003B6741 /* TextMessageModel.swift in Sources */,
				0270CC64233EA609003B6741 /* SendingStatusModel.swift in Sources */,
				0270CC71233EB83F003B6741 /* BaseMessageCollectionViewCellAvatarStyle.swift in Sources */,
				0270CC6F233EB82E003B6741 /* TextMessageInteractionHandler.swift in Sources */,
				0270CC60233EA5BE003B6741 /* SendingStatusPresenter.swift in Sources */,
				0270CC61233EA5BE003B6741 /* SendingStatusCollectionViewCell.swift in Sources */,
				0270CC7A233EBB3A003B6741 /* ChatDataSource.swift in Sources */,
			);
			runOnlyForDeploymentPostprocessing = 0;
		};
		0298DDAF233E3341008D2D27 /* Sources */ = {
			isa = PBXSourcesBuildPhase;
			buildActionMask = 2147483647;
			files = (
				0298DDC3233E37D9008D2D27 /* XCTestCase.swift in Sources */,
				78A544422B47C7938951F812 /* ChatModuleConfiguratorTests.swift in Sources */,
			);
			runOnlyForDeploymentPostprocessing = 0;
		};
/* End PBXSourcesBuildPhase section */

/* Begin PBXTargetDependency section */
		0298DDB5233E3341008D2D27 /* PBXTargetDependency */ = {
			isa = PBXTargetDependency;
			target = 0298DD9C233E3340008D2D27 /* SunCity */;
			targetProxy = 0298DDB4233E3341008D2D27 /* PBXContainerItemProxy */;
		};
/* End PBXTargetDependency section */

/* Begin PBXVariantGroup section */
		0298DDAB233E3341008D2D27 /* LaunchScreen.storyboard */ = {
			isa = PBXVariantGroup;
			children = (
				0298DDAC233E3341008D2D27 /* Base */,
			);
			name = LaunchScreen.storyboard;
			sourceTree = "<group>";
		};
/* End PBXVariantGroup section */

/* Begin XCBuildConfiguration section */
		0298DDBA233E3341008D2D27 /* Debug */ = {
			isa = XCBuildConfiguration;
			buildSettings = {
				ALWAYS_SEARCH_USER_PATHS = NO;
				CLANG_ANALYZER_NONNULL = YES;
				CLANG_ANALYZER_NUMBER_OBJECT_CONVERSION = YES_AGGRESSIVE;
				CLANG_CXX_LANGUAGE_STANDARD = "gnu++14";
				CLANG_CXX_LIBRARY = "libc++";
				CLANG_ENABLE_MODULES = YES;
				CLANG_ENABLE_OBJC_ARC = YES;
				CLANG_ENABLE_OBJC_WEAK = YES;
				CLANG_WARN_BLOCK_CAPTURE_AUTORELEASING = YES;
				CLANG_WARN_BOOL_CONVERSION = YES;
				CLANG_WARN_COMMA = YES;
				CLANG_WARN_CONSTANT_CONVERSION = YES;
				CLANG_WARN_DEPRECATED_OBJC_IMPLEMENTATIONS = YES;
				CLANG_WARN_DIRECT_OBJC_ISA_USAGE = YES_ERROR;
				CLANG_WARN_DOCUMENTATION_COMMENTS = YES;
				CLANG_WARN_EMPTY_BODY = YES;
				CLANG_WARN_ENUM_CONVERSION = YES;
				CLANG_WARN_INFINITE_RECURSION = YES;
				CLANG_WARN_INT_CONVERSION = YES;
				CLANG_WARN_NON_LITERAL_NULL_CONVERSION = YES;
				CLANG_WARN_OBJC_IMPLICIT_RETAIN_SELF = YES;
				CLANG_WARN_OBJC_LITERAL_CONVERSION = YES;
				CLANG_WARN_OBJC_ROOT_CLASS = YES_ERROR;
				CLANG_WARN_RANGE_LOOP_ANALYSIS = YES;
				CLANG_WARN_STRICT_PROTOTYPES = YES;
				CLANG_WARN_SUSPICIOUS_MOVE = YES;
				CLANG_WARN_UNGUARDED_AVAILABILITY = YES_AGGRESSIVE;
				CLANG_WARN_UNREACHABLE_CODE = YES;
				CLANG_WARN__DUPLICATE_METHOD_MATCH = YES;
				COPY_PHASE_STRIP = NO;
				DEBUG_INFORMATION_FORMAT = dwarf;
				ENABLE_STRICT_OBJC_MSGSEND = YES;
				ENABLE_TESTABILITY = YES;
				GCC_C_LANGUAGE_STANDARD = gnu11;
				GCC_DYNAMIC_NO_PIC = NO;
				GCC_NO_COMMON_BLOCKS = YES;
				GCC_OPTIMIZATION_LEVEL = 0;
				GCC_PREPROCESSOR_DEFINITIONS = (
					"DEBUG=1",
					"$(inherited)",
				);
				GCC_WARN_64_TO_32_BIT_CONVERSION = YES;
				GCC_WARN_ABOUT_RETURN_TYPE = YES_ERROR;
				GCC_WARN_UNDECLARED_SELECTOR = YES;
				GCC_WARN_UNINITIALIZED_AUTOS = YES_AGGRESSIVE;
				GCC_WARN_UNUSED_FUNCTION = YES;
				GCC_WARN_UNUSED_VARIABLE = YES;
				IPHONEOS_DEPLOYMENT_TARGET = 13.0;
				MTL_ENABLE_DEBUG_INFO = INCLUDE_SOURCE;
				MTL_FAST_MATH = YES;
				ONLY_ACTIVE_ARCH = YES;
				SDKROOT = iphoneos;
				SWIFT_ACTIVE_COMPILATION_CONDITIONS = DEBUG;
				SWIFT_OPTIMIZATION_LEVEL = "-Onone";
			};
			name = Debug;
		};
		0298DDBB233E3341008D2D27 /* Release */ = {
			isa = XCBuildConfiguration;
			buildSettings = {
				ALWAYS_SEARCH_USER_PATHS = NO;
				CLANG_ANALYZER_NONNULL = YES;
				CLANG_ANALYZER_NUMBER_OBJECT_CONVERSION = YES_AGGRESSIVE;
				CLANG_CXX_LANGUAGE_STANDARD = "gnu++14";
				CLANG_CXX_LIBRARY = "libc++";
				CLANG_ENABLE_MODULES = YES;
				CLANG_ENABLE_OBJC_ARC = YES;
				CLANG_ENABLE_OBJC_WEAK = YES;
				CLANG_WARN_BLOCK_CAPTURE_AUTORELEASING = YES;
				CLANG_WARN_BOOL_CONVERSION = YES;
				CLANG_WARN_COMMA = YES;
				CLANG_WARN_CONSTANT_CONVERSION = YES;
				CLANG_WARN_DEPRECATED_OBJC_IMPLEMENTATIONS = YES;
				CLANG_WARN_DIRECT_OBJC_ISA_USAGE = YES_ERROR;
				CLANG_WARN_DOCUMENTATION_COMMENTS = YES;
				CLANG_WARN_EMPTY_BODY = YES;
				CLANG_WARN_ENUM_CONVERSION = YES;
				CLANG_WARN_INFINITE_RECURSION = YES;
				CLANG_WARN_INT_CONVERSION = YES;
				CLANG_WARN_NON_LITERAL_NULL_CONVERSION = YES;
				CLANG_WARN_OBJC_IMPLICIT_RETAIN_SELF = YES;
				CLANG_WARN_OBJC_LITERAL_CONVERSION = YES;
				CLANG_WARN_OBJC_ROOT_CLASS = YES_ERROR;
				CLANG_WARN_RANGE_LOOP_ANALYSIS = YES;
				CLANG_WARN_STRICT_PROTOTYPES = YES;
				CLANG_WARN_SUSPICIOUS_MOVE = YES;
				CLANG_WARN_UNGUARDED_AVAILABILITY = YES_AGGRESSIVE;
				CLANG_WARN_UNREACHABLE_CODE = YES;
				CLANG_WARN__DUPLICATE_METHOD_MATCH = YES;
				COPY_PHASE_STRIP = NO;
				DEBUG_INFORMATION_FORMAT = "dwarf-with-dsym";
				ENABLE_NS_ASSERTIONS = NO;
				ENABLE_STRICT_OBJC_MSGSEND = YES;
				GCC_C_LANGUAGE_STANDARD = gnu11;
				GCC_NO_COMMON_BLOCKS = YES;
				GCC_WARN_64_TO_32_BIT_CONVERSION = YES;
				GCC_WARN_ABOUT_RETURN_TYPE = YES_ERROR;
				GCC_WARN_UNDECLARED_SELECTOR = YES;
				GCC_WARN_UNINITIALIZED_AUTOS = YES_AGGRESSIVE;
				GCC_WARN_UNUSED_FUNCTION = YES;
				GCC_WARN_UNUSED_VARIABLE = YES;
				IPHONEOS_DEPLOYMENT_TARGET = 13.0;
				MTL_ENABLE_DEBUG_INFO = NO;
				MTL_FAST_MATH = YES;
				SDKROOT = iphoneos;
				SWIFT_COMPILATION_MODE = wholemodule;
				SWIFT_OPTIMIZATION_LEVEL = "-O";
				VALIDATE_PRODUCT = YES;
			};
			name = Release;
		};
		0298DDBD233E3341008D2D27 /* Debug */ = {
			isa = XCBuildConfiguration;
			baseConfigurationReference = 8507EC426224F023CAFB27CD /* Pods-SunCity.debug.xcconfig */;
			buildSettings = {
				ASSETCATALOG_COMPILER_APPICON_NAME = AppIcon;
				CODE_SIGN_IDENTITY = "iPhone Developer";
				CODE_SIGN_STYLE = Manual;
				DEVELOPMENT_TEAM = B9639RHZFT;
				INFOPLIST_FILE = SunCity/Application/Info.plist;
				LD_RUNPATH_SEARCH_PATHS = (
					"$(inherited)",
					"@executable_path/Frameworks",
				);
				PRODUCT_BUNDLE_IDENTIFIER = surf.vk.hackathon.sun.city;
				PRODUCT_NAME = "$(TARGET_NAME)";
				PROVISIONING_PROFILE_SPECIFIER = VKHackaton2019;
				SWIFT_VERSION = 5.0;
				TARGETED_DEVICE_FAMILY = "1,2";
			};
			name = Debug;
		};
		0298DDBE233E3341008D2D27 /* Release */ = {
			isa = XCBuildConfiguration;
			baseConfigurationReference = 7656003AF7C82CB3A943D463 /* Pods-SunCity.release.xcconfig */;
			buildSettings = {
				ASSETCATALOG_COMPILER_APPICON_NAME = AppIcon;
				CODE_SIGN_IDENTITY = "iPhone Developer";
				CODE_SIGN_STYLE = Manual;
				DEVELOPMENT_TEAM = B9639RHZFT;
				INFOPLIST_FILE = SunCity/Application/Info.plist;
				LD_RUNPATH_SEARCH_PATHS = (
					"$(inherited)",
					"@executable_path/Frameworks",
				);
				PRODUCT_BUNDLE_IDENTIFIER = surf.vk.hackathon.sun.city;
				PRODUCT_NAME = "$(TARGET_NAME)";
				PROVISIONING_PROFILE_SPECIFIER = VKHackaton2019;
				SWIFT_VERSION = 5.0;
				TARGETED_DEVICE_FAMILY = "1,2";
			};
			name = Release;
		};
		0298DDC0233E3341008D2D27 /* Debug */ = {
			isa = XCBuildConfiguration;
			baseConfigurationReference = 1A77275BF6EEF4090D0B5AF9 /* Pods-SunCityTests.debug.xcconfig */;
			buildSettings = {
				ALWAYS_EMBED_SWIFT_STANDARD_LIBRARIES = YES;
				BUNDLE_LOADER = "$(TEST_HOST)";
				CODE_SIGN_STYLE = Automatic;
				INFOPLIST_FILE = SunCityTests/Info.plist;
				IPHONEOS_DEPLOYMENT_TARGET = 13.0;
				LD_RUNPATH_SEARCH_PATHS = (
					"$(inherited)",
					"@executable_path/Frameworks",
					"@loader_path/Frameworks",
				);
				PRODUCT_BUNDLE_IDENTIFIER = ismetanin.github.io.SunCityTests;
				PRODUCT_NAME = "$(TARGET_NAME)";
				SWIFT_VERSION = 5.0;
				TARGETED_DEVICE_FAMILY = "1,2";
				TEST_HOST = "$(BUILT_PRODUCTS_DIR)/SunCity.app/SunCity";
			};
			name = Debug;
		};
		0298DDC1233E3341008D2D27 /* Release */ = {
			isa = XCBuildConfiguration;
			baseConfigurationReference = 30819672FFF66D37899EE0F2 /* Pods-SunCityTests.release.xcconfig */;
			buildSettings = {
				ALWAYS_EMBED_SWIFT_STANDARD_LIBRARIES = YES;
				BUNDLE_LOADER = "$(TEST_HOST)";
				CODE_SIGN_STYLE = Automatic;
				INFOPLIST_FILE = SunCityTests/Info.plist;
				IPHONEOS_DEPLOYMENT_TARGET = 13.0;
				LD_RUNPATH_SEARCH_PATHS = (
					"$(inherited)",
					"@executable_path/Frameworks",
					"@loader_path/Frameworks",
				);
				PRODUCT_BUNDLE_IDENTIFIER = ismetanin.github.io.SunCityTests;
				PRODUCT_NAME = "$(TARGET_NAME)";
				SWIFT_VERSION = 5.0;
				TARGETED_DEVICE_FAMILY = "1,2";
				TEST_HOST = "$(BUILT_PRODUCTS_DIR)/SunCity.app/SunCity";
			};
			name = Release;
		};
/* End XCBuildConfiguration section */

/* Begin XCConfigurationList section */
		0298DD98233E3340008D2D27 /* Build configuration list for PBXProject "SunCity" */ = {
			isa = XCConfigurationList;
			buildConfigurations = (
				0298DDBA233E3341008D2D27 /* Debug */,
				0298DDBB233E3341008D2D27 /* Release */,
			);
			defaultConfigurationIsVisible = 0;
			defaultConfigurationName = Release;
		};
		0298DDBC233E3341008D2D27 /* Build configuration list for PBXNativeTarget "SunCity" */ = {
			isa = XCConfigurationList;
			buildConfigurations = (
				0298DDBD233E3341008D2D27 /* Debug */,
				0298DDBE233E3341008D2D27 /* Release */,
			);
			defaultConfigurationIsVisible = 0;
			defaultConfigurationName = Release;
		};
		0298DDBF233E3341008D2D27 /* Build configuration list for PBXNativeTarget "SunCityTests" */ = {
			isa = XCConfigurationList;
			buildConfigurations = (
				0298DDC0233E3341008D2D27 /* Debug */,
				0298DDC1233E3341008D2D27 /* Release */,
			);
			defaultConfigurationIsVisible = 0;
			defaultConfigurationName = Release;
		};
/* End XCConfigurationList section */
	};
	rootObject = 0298DD95233E3340008D2D27 /* Project object */;
}
