PODS:
  - Alamofire (5.0.0-beta.4)
  - Chatto (3.5.0)
  - ChattoAdditions (3.5.0):
    - Chatto
  - CoreEvents (1.3.0)
  - ImagePicker (3.1.0)
  - NodeKit (2.2.0):
    - Alamofire (= 5.0.0-beta.4)
    - CoreEvents (~> 1.3.0)
  - SkyFloatingLabelTextField (3.7.0)
  - SurfUtils/KeyboardPresentable (9.0.0)
  - YXWaveView (0.5.0)

DEPENDENCIES:
  - Chatto (= 3.5.0)
  - ChattoAdditions (= 3.5.0)
  - ImagePicker
  - NodeKit (from `https://github.com/surfstudio/NodeKit`, commit `b5c30f2a30ab3d047f19e5049d858cdd5c524c55`)
  - SkyFloatingLabelTextField
  - SurfUtils/KeyboardPresentable (from `https://github.com/surfstudio/iOS-Utils.git`, tag `9.0.0`)
  - YXWaveView

SPEC REPOS:
  https://github.com/cocoapods/specs.git:
    - Alamofire
    - Chatto
    - ChattoAdditions
    - CoreEvents
    - ImagePicker
    - SkyFloatingLabelTextField
    - YXWaveView

EXTERNAL SOURCES:
  NodeKit:
    :commit: b5c30f2a30ab3d047f19e5049d858cdd5c524c55
    :git: https://github.com/surfstudio/NodeKit
  SurfUtils:
    :git: https://github.com/surfstudio/iOS-Utils.git
    :tag: 9.0.0

CHECKOUT OPTIONS:
  NodeKit:
    :commit: b5c30f2a30ab3d047f19e5049d858cdd5c524c55
    :git: https://github.com/surfstudio/NodeKit
  SurfUtils:
    :git: https://github.com/surfstudio/iOS-Utils.git
    :tag: 9.0.0

SPEC CHECKSUMS:
  Alamofire: 6458d95477bc40adf10129f22c67cfb014162dc8
  Chatto: 3b4d5b8c56156dfa94caafc2bd4b3b42efb809a0
  ChattoAdditions: abd81bf223d15b4cdd82e23d675a2a286c150d56
  CoreEvents: 4a63e862e73719738cb4d646ccac78e01bf9a95d
  ImagePicker: db1fd7626337b2577c523bef5f499bbbe5a37079
  NodeKit: 2b77646682073be4d246a1975f12139279e688f6
  SkyFloatingLabelTextField: 4b46db0ab1ccde0919cded29c656e6b4805eda04
  SurfUtils: f50b028478aefbe596d98fdf58d5266f7d9fa592
  YXWaveView: 3570d7244b08effd077a5c63b0693aa44b7cd369

PODFILE CHECKSUM: 573ba8b3ce515bb80f3de86292b3a5a65f43899d

COCOAPODS: 1.6.1
